
Microsoft Visual Studio Solution File, Format Version 12.00
# Visual Studio Version 17
VisualStudioVersion = 17.6.33723.286
MinimumVisualStudioVersion = 10.0.40219.1
Project("{2150E333-8FDC-42A3-9474-1A3956D46DE8}") = "src", "src", "{D6EBFC7D-6165-46E1-AB86-CB3CD841D407}"
EndProject
Project("{2150E333-8FDC-42A3-9474-1A3956D46DE8}") = "Api", "Api", "{99074D42-A86C-450C-B2DF-30856161A38E}"
EndProject
Project("{2150E333-8FDC-42A3-9474-1A3956D46DE8}") = "Clients", "Clients", "{5EFA0423-2526-4B4B-A314-6493A6E29E37}"
EndProject
Project("{2150E333-8FDC-42A3-9474-1A3956D46DE8}") = "Common", "Common", "{09028B52-AEBF-4C1C-A765-5623C07E64E2}"
EndProject
Project("{2150E333-8FDC-42A3-9474-1A3956D46DE8}") = "Projections", "Projections", "{BA8F8962-97F0-4CAE-8F2D-169334E5ACEF}"
EndProject
Project("{2150E333-8FDC-42A3-9474-1A3956D46DE8}") = "Core", "Core", "{3D9762C1-5314-4224-974F-9C8FF0F9F562}"
EndProject
Project("{2150E333-8FDC-42A3-9474-1A3956D46DE8}") = "Infrastructure", "Infrastructure", "{80A1C2D1-910A-4239-99D0-0FC8C3FC674A}"
EndProject
Project("{2150E333-8FDC-42A3-9474-1A3956D46DE8}") = "WebApi", "WebApi", "{4BE3012B-8251-4DE1-889E-AC47861F32B6}"
EndProject
Project("{2150E333-8FDC-42A3-9474-1A3956D46DE8}") = "BlazorWeb", "BlazorWeb", "{101EA322-D466-4DA3-87E5-1C872F21E8D0}"
EndProject
Project("{FAE04EC0-301F-11D3-BF4B-00C04F79EFBC}") = "YankiMerkezi.Common", "src\Common\YankiMerkezi.Commen\YankiMerkezi.Common.csproj", "{90DE31E1-3B59-4D80-B417-9376BA21EB89}"
EndProject
Project("{FAE04EC0-301F-11D3-BF4B-00C04F79EFBC}") = "YankiMerkezi.Api.Domain", "src\Api\Core\YankiMerkezi.Api.Domain\YankiMerkezi.Api.Domain.csproj", "{CB0E5A3E-B921-49BD-90EC-1419F4057A6E}"
EndProject
Project("{FAE04EC0-301F-11D3-BF4B-00C04F79EFBC}") = "YankiMerkezi.Api.Application", "src\Api\Core\YankiMerkezi.Api.Application\YankiMerkezi.Api.Application.csproj", "{CF253108-B5BC-4968-9371-0982D633E941}"
EndProject
Project("{FAE04EC0-301F-11D3-BF4B-00C04F79EFBC}") = "YankiMerkezi.Infastructure.Persistence", "src\Api\Infastructure\YankiMerkezi.Infastructure.Persistence\YankiMerkezi.Infastructure.Persistence.csproj", "{C60AAC00-8E50-49D0-B822-6857B472828F}"
EndProject
Project("{FAE04EC0-301F-11D3-BF4B-00C04F79EFBC}") = "YankiMerkezi.Api.WebApi", "src\Api\WebApi\YankiMerkezi.Api.WebApi\YankiMerkezi.Api.WebApi.csproj", "{94500D10-9678-4FA0-954D-66AFC16D8312}"
EndProject
Project("{FAE04EC0-301F-11D3-BF4B-00C04F79EFBC}") = "YankiMerkezi.Projections.FavoriteService", "src\Projections\YankiMerkezi.Projections.FavoriteService\YankiMerkezi.Projections.FavoriteService.csproj", "{C78CE477-30C8-4658-A24C-0A9221E6B4A1}"
EndProject
Project("{FAE04EC0-301F-11D3-BF4B-00C04F79EFBC}") = "YankiMerkezi.Projections.UserService", "src\Projections\YankiMerkezi.Projections.User\YankiMerkezi.Projections.UserService.csproj", "{F81B8699-69D5-4841-8E22-F343FF212E0E}"
EndProject
Project("{FAE04EC0-301F-11D3-BF4B-00C04F79EFBC}") = "YankiMerkezi.Projections.VoteService", "src\Projections\YankiMerkezi.Projections.VoteService\YankiMerkezi.Projections.VoteService.csproj", "{F22497CF-28E1-4F2A-BA84-4C912AB696CB}"
EndProject
Project("{FAE04EC0-301F-11D3-BF4B-00C04F79EFBC}") = "YankiMerkezi.WebApp", "src\Clients\BlazorWeb\YankiMerkezi.WebApp\YankiMerkezi.WebApp.csproj", "{E475AF08-B4E8-428E-8CE9-61DB7FD4FD6F}"
EndProject
Global
	GlobalSection(SolutionConfigurationPlatforms) = preSolution
		Debug|Any CPU = Debug|Any CPU
		Release|Any CPU = Release|Any CPU
	EndGlobalSection
	GlobalSection(ProjectConfigurationPlatforms) = postSolution
		{90DE31E1-3B59-4D80-B417-9376BA21EB89}.Debug|Any CPU.ActiveCfg = Debug|Any CPU
		{90DE31E1-3B59-4D80-B417-9376BA21EB89}.Debug|Any CPU.Build.0 = Debug|Any CPU
		{90DE31E1-3B59-4D80-B417-9376BA21EB89}.Release|Any CPU.ActiveCfg = Release|Any CPU
		{90DE31E1-3B59-4D80-B417-9376BA21EB89}.Release|Any CPU.Build.0 = Release|Any CPU
		{CB0E5A3E-B921-49BD-90EC-1419F4057A6E}.Debug|Any CPU.ActiveCfg = Debug|Any CPU
		{CB0E5A3E-B921-49BD-90EC-1419F4057A6E}.Debug|Any CPU.Build.0 = Debug|Any CPU
		{CB0E5A3E-B921-49BD-90EC-1419F4057A6E}.Release|Any CPU.ActiveCfg = Release|Any CPU
		{CB0E5A3E-B921-49BD-90EC-1419F4057A6E}.Release|Any CPU.Build.0 = Release|Any CPU
		{CF253108-B5BC-4968-9371-0982D633E941}.Debug|Any CPU.ActiveCfg = Debug|Any CPU
		{CF253108-B5BC-4968-9371-0982D633E941}.Debug|Any CPU.Build.0 = Debug|Any CPU
		{CF253108-B5BC-4968-9371-0982D633E941}.Release|Any CPU.ActiveCfg = Release|Any CPU
		{CF253108-B5BC-4968-9371-0982D633E941}.Release|Any CPU.Build.0 = Release|Any CPU
		{C60AAC00-8E50-49D0-B822-6857B472828F}.Debug|Any CPU.ActiveCfg = Debug|Any CPU
		{C60AAC00-8E50-49D0-B822-6857B472828F}.Debug|Any CPU.Build.0 = Debug|Any CPU
		{C60AAC00-8E50-49D0-B822-6857B472828F}.Release|Any CPU.ActiveCfg = Release|Any CPU
		{C60AAC00-8E50-49D0-B822-6857B472828F}.Release|Any CPU.Build.0 = Release|Any CPU
		{94500D10-9678-4FA0-954D-66AFC16D8312}.Debug|Any CPU.ActiveCfg = Debug|Any CPU
		{94500D10-9678-4FA0-954D-66AFC16D8312}.Debug|Any CPU.Build.0 = Debug|Any CPU
		{94500D10-9678-4FA0-954D-66AFC16D8312}.Release|Any CPU.ActiveCfg = Release|Any CPU
		{94500D10-9678-4FA0-954D-66AFC16D8312}.Release|Any CPU.Build.0 = Release|Any CPU
		{C78CE477-30C8-4658-A24C-0A9221E6B4A1}.Debug|Any CPU.ActiveCfg = Debug|Any CPU
		{C78CE477-30C8-4658-A24C-0A9221E6B4A1}.Debug|Any CPU.Build.0 = Debug|Any CPU
		{C78CE477-30C8-4658-A24C-0A9221E6B4A1}.Release|Any CPU.ActiveCfg = Release|Any CPU
		{C78CE477-30C8-4658-A24C-0A9221E6B4A1}.Release|Any CPU.Build.0 = Release|Any CPU
		{F81B8699-69D5-4841-8E22-F343FF212E0E}.Debug|Any CPU.ActiveCfg = Debug|Any CPU
		{F81B8699-69D5-4841-8E22-F343FF212E0E}.Debug|Any CPU.Build.0 = Debug|Any CPU
		{F81B8699-69D5-4841-8E22-F343FF212E0E}.Release|Any CPU.ActiveCfg = Release|Any CPU
		{F81B8699-69D5-4841-8E22-F343FF212E0E}.Release|Any CPU.Build.0 = Release|Any CPU
		{F22497CF-28E1-4F2A-BA84-4C912AB696CB}.Debug|Any CPU.ActiveCfg = Debug|Any CPU
		{F22497CF-28E1-4F2A-BA84-4C912AB696CB}.Debug|Any CPU.Build.0 = Debug|Any CPU
		{F22497CF-28E1-4F2A-BA84-4C912AB696CB}.Release|Any CPU.ActiveCfg = Release|Any CPU
		{F22497CF-28E1-4F2A-BA84-4C912AB696CB}.Release|Any CPU.Build.0 = Release|Any CPU
		{E475AF08-B4E8-428E-8CE9-61DB7FD4FD6F}.Debug|Any CPU.ActiveCfg = Debug|Any CPU
		{E475AF08-B4E8-428E-8CE9-61DB7FD4FD6F}.Debug|Any CPU.Build.0 = Debug|Any CPU
		{E475AF08-B4E8-428E-8CE9-61DB7FD4FD6F}.Release|Any CPU.ActiveCfg = Release|Any CPU
		{E475AF08-B4E8-428E-8CE9-61DB7FD4FD6F}.Release|Any CPU.Build.0 = Release|Any CPU
	EndGlobalSection
	GlobalSection(SolutionProperties) = preSolution
		HideSolutionNode = FALSE
	EndGlobalSection
	GlobalSection(NestedProjects) = preSolution
		{99074D42-A86C-450C-B2DF-30856161A38E} = {D6EBFC7D-6165-46E1-AB86-CB3CD841D407}
		{5EFA0423-2526-4B4B-A314-6493A6E29E37} = {D6EBFC7D-6165-46E1-AB86-CB3CD841D407}
		{09028B52-AEBF-4C1C-A765-5623C07E64E2} = {D6EBFC7D-6165-46E1-AB86-CB3CD841D407}
		{BA8F8962-97F0-4CAE-8F2D-169334E5ACEF} = {D6EBFC7D-6165-46E1-AB86-CB3CD841D407}
		{3D9762C1-5314-4224-974F-9C8FF0F9F562} = {99074D42-A86C-450C-B2DF-30856161A38E}
		{80A1C2D1-910A-4239-99D0-0FC8C3FC674A} = {99074D42-A86C-450C-B2DF-30856161A38E}
		{4BE3012B-8251-4DE1-889E-AC47861F32B6} = {99074D42-A86C-450C-B2DF-30856161A38E}
		{101EA322-D466-4DA3-87E5-1C872F21E8D0} = {5EFA0423-2526-4B4B-A314-6493A6E29E37}
		{90DE31E1-3B59-4D80-B417-9376BA21EB89} = {09028B52-AEBF-4C1C-A765-5623C07E64E2}
		{CB0E5A3E-B921-49BD-90EC-1419F4057A6E} = {3D9762C1-5314-4224-974F-9C8FF0F9F562}
		{CF253108-B5BC-4968-9371-0982D633E941} = {3D9762C1-5314-4224-974F-9C8FF0F9F562}
		{C60AAC00-8E50-49D0-B822-6857B472828F} = {80A1C2D1-910A-4239-99D0-0FC8C3FC674A}
		{94500D10-9678-4FA0-954D-66AFC16D8312} = {4BE3012B-8251-4DE1-889E-AC47861F32B6}
		{C78CE477-30C8-4658-A24C-0A9221E6B4A1} = {BA8F8962-97F0-4CAE-8F2D-169334E5ACEF}
		{F81B8699-69D5-4841-8E22-F343FF212E0E} = {BA8F8962-97F0-4CAE-8F2D-169334E5ACEF}
		{F22497CF-28E1-4F2A-BA84-4C912AB696CB} = {BA8F8962-97F0-4CAE-8F2D-169334E5ACEF}
		{E475AF08-B4E8-428E-8CE9-61DB7FD4FD6F} = {101EA322-D466-4DA3-87E5-1C872F21E8D0}
	EndGlobalSection
	GlobalSection(ExtensibilityGlobals) = postSolution
		SolutionGuid = {DB5931D2-FC19-4E06-936C-EF44DD6E6D2E}
	EndGlobalSection
EndGlobal
